#MicroXplorer Configuration settings - do not modify
File.Version=6
KeepUserPlacement=false
Mcu.Family=STM32L0
Mcu.IP0=ADC
Mcu.IP1=NVIC
Mcu.IP2=RCC
Mcu.IP3=SYS
Mcu.IP4=TIM2
Mcu.IP5=USART1
Mcu.IPNb=6
Mcu.Name=STM32L051K(6-8)Tx
Mcu.Package=LQFP32
Mcu.Pin0=PA0
Mcu.Pin1=PA1
Mcu.Pin10=PA8
Mcu.Pin11=PA9
Mcu.Pin12=PA10
Mcu.Pin13=PA11
Mcu.Pin14=PA12
Mcu.Pin15=PA15
Mcu.Pin16=PB3
Mcu.Pin17=PB4
Mcu.Pin18=PB5
Mcu.Pin19=PB6
Mcu.Pin2=PA2
Mcu.Pin20=PB7
Mcu.Pin21=VP_SYS_VS_Systick
Mcu.Pin3=PA3
Mcu.Pin4=PA4
Mcu.Pin5=PA5
Mcu.Pin6=PA6
Mcu.Pin7=PA7
Mcu.Pin8=PB0
Mcu.Pin9=PB1
Mcu.PinsNb=22
Mcu.UserConstants=
Mcu.UserName=STM32L051K6Tx
MxCube.Version=4.14.0
MxDb.Version=DB.4.0.140
NVIC.HardFault_IRQn=true\:0\:0\:false\:false\:false
NVIC.NonMaskableInt_IRQn=true\:0\:0\:false\:false\:false
NVIC.SysTick_IRQn=true\:0\:0\:false\:false\:true
PA0.GPIOParameters=GPIO_Label
PA0.GPIO_Label=vakb_ain_ch0
PA0.Mode=IN0
PA0.Signal=ADC_IN0
PA1.GPIOParameters=GPIO_Label
PA1.GPIO_Label=vout_ain_ch1
PA1.Mode=IN1
PA1.Signal=ADC_IN1
PA10.GPIOParameters=GPIO_Label
PA10.GPIO_Label=on_load_out_pin
PA10.Locked=true
PA10.Signal=GPIO_Output
PA11.GPIOParameters=GPIO_Label
PA11.GPIO_Label=ontd_out_pin
PA11.Locked=true
PA11.Signal=GPIO_Output
PA12.GPIOParameters=GPIO_Label
PA12.GPIO_Label=onvin_out_pin
PA12.Locked=true
PA12.Signal=GPIO_Output
PA15.GPIOParameters=GPIO_Label
PA15.GPIO_Label=button_exti_pin
PA15.Locked=true
PA15.Signal=GPXTI15
PA2.GPIOParameters=GPIO_Label
PA2.GPIO_Label=izar_ain_ch2
PA2.Mode=IN2
PA2.Signal=ADC_IN2
PA3.GPIOParameters=GPIO_Label
PA3.GPIO_Label=irazr_ain_ch3
PA3.Mode=IN3
PA3.Signal=ADC_IN3
PA4.GPIOParameters=GPIO_Label
PA4.GPIO_Label=td_odrain_out
PA4.Locked=true
PA4.Signal=GPIO_Output
PA5.GPIOParameters=GPIO_Label
PA5.GPIO_Label=vinv_ain_ch5
PA5.Mode=IN5
PA5.Signal=ADC_IN5
PA6.GPIOParameters=GPIO_Label
PA6.GPIO_Label=redled_pin
PA6.Locked=true
PA6.Signal=GPIO_Output
PA7.GPIOParameters=GPIO_Label
PA7.GPIO_Label=greenled_pin
PA7.Locked=true
PA7.Signal=GPIO_Output
PA8.GPIOParameters=GPIO_Label
PA8.GPIO_Label=zar_out_pin
PA8.Locked=true
PA8.Signal=GPIO_Output
PA9.GPIOParameters=GPIO_Label
PA9.GPIO_Label=razr_out_pin
PA9.Locked=true
PA9.Signal=GPIO_Output
PB0.GPIOParameters=GPIO_Label
PB0.GPIO_Label=vpb_in_pin
PB0.Locked=true
PB0.Signal=GPIO_Input
PB1.GPIOParameters=GPIO_Label
PB1.GPIO_Label=vlb_in_pin
PB1.Locked=true
PB1.Signal=GPIO_Input
PB3.GPIOParameters=GPIO_Label
PB3.GPIO_Label=pwm_out_pin
PB3.Locked=true
PB3.Signal=S_TIM2_CH2
PB4.GPIOParameters=GPIO_Label
PB4.GPIO_Label=debug0_out_pin
PB4.Locked=true
PB4.Signal=GPIO_Output
PB5.GPIOParameters=GPIO_Label
PB5.GPIO_Label=debug1_out_pin
PB5.Locked=true
PB5.Signal=GPIO_Output
PB6.Locked=true
PB6.Mode=Asynchronous
PB6.Signal=USART1_TX
PB7.Locked=true
PB7.Mode=Asynchronous
PB7.Signal=USART1_RX
PCC.Checker=true
PCC.Line=STM32L0x1
PCC.MCU=STM32L051K(6-8)Tx
PCC.MXVersion=4.14.0
PCC.PartNumber=STM32L051K6Tx
PCC.Seq0=0
PCC.Series=STM32L0
PCC.Temperature=25
PCC.Vdd=null
ProjectManager.AskForMigrate=true
ProjectManager.BackupPrevious=false
ProjectManager.CompilerOptimize=2
ProjectManager.ComputerToolchain=false
ProjectManager.CoupleFile=true
ProjectManager.DeletePrevious=false
ProjectManager.DeviceId=STM32L051K6Tx
ProjectManager.FirmwarePackage=STM32Cube FW_L0 V1.5.0
ProjectManager.FreePins=false
ProjectManager.HalAssertFull=false
ProjectManager.HeapSize=0x200
ProjectManager.KeepUserCode=true
ProjectManager.LastFirmware=true
ProjectManager.LibraryCopy=1
ProjectManager.PreviousToolchain=SW4STM32
ProjectManager.ProjectBuild=false
ProjectManager.ProjectFileName=bpzu_00_01.ioc
ProjectManager.ProjectName=bpzu_00_01
ProjectManager.StackSize=0x400
ProjectManager.TargetToolchain=SW4STM32
ProjectManager.ToolChainLocation=
ProjectManager.UnderRoot=true
ProjectManager.functionlistsort=1-MX_GPIO_Init-GPIO-false,2-MX_ADC_Init-ADC-false,3-MX_TIM2_Init-TIM2-false,4-MX_USART1_UART_Init-USART1-false
RCC.AHBFreq_Value=32000000
RCC.APB1Freq_Value=32000000
RCC.APB1TimFreq_Value=32000000
RCC.APB2Freq_Value=32000000
RCC.APB2TimFreq_Value=32000000
RCC.FCLKCortexFreq_Value=32000000
RCC.FamilyName=M
RCC.HCLKFreq_Value=32000000
RCC.HSI16_VALUE=16000000
RCC.HSI_VALUE=16000000
RCC.I2C1Freq_Value=32000000
RCC.IPParameters=FamilyName,LSE_VALUE,HSI16_VALUE,HSI_VALUE,LSI_VALUE,WatchDogFreq_Value,RTCFreq_Value,VCOOutputFreq_Value,PLLCLKFreq_Value,MSI_VALUE,SYSCLKFreq_VALUE,AHBFreq_Value,TIMFreq_Value,APB1Freq_Value,APB1TimFreq_Value,APB2Freq_Value,APB2TimFreq_Value,USART1Freq_Value,PWRFreq_Value,LPTIMFreq_Value,I2C1Freq_Value,USART2Freq_Value,SYSCLKSource,HCLKFreq_Value,TimerFreq_Value,FCLKCortexFreq_Value,MCOPinFreq_Value,PLLMUL
RCC.LPTIMFreq_Value=32000000
RCC.LSE_VALUE=32768
RCC.LSI_VALUE=37000
RCC.MCOPinFreq_Value=32000000
RCC.MSI_VALUE=2097000
RCC.PLLCLKFreq_Value=32000000
RCC.PLLMUL=RCC_PLLMUL_4
RCC.PWRFreq_Value=32000000
RCC.RTCFreq_Value=37000
RCC.SYSCLKFreq_VALUE=32000000
RCC.SYSCLKSource=RCC_SYSCLKSOURCE_PLLCLK
RCC.TIMFreq_Value=32000000
RCC.TimerFreq_Value=32000000
RCC.USART1Freq_Value=32000000
RCC.USART2Freq_Value=32000000
RCC.VCOOutputFreq_Value=64000000
RCC.WatchDogFreq_Value=37000
SH.GPXTI15.0=GPIO_EXTI15
SH.GPXTI15.ConfNb=1
SH.S_TIM2_CH2.0=TIM2_CH2,PWM Generation2 CH2
SH.S_TIM2_CH2.ConfNb=1
TIM2.Channel-PWM\ Generation2\ CH2=TIM_CHANNEL_2
TIM2.IPParameters=Channel-PWM Generation2 CH2
VP_SYS_VS_Systick.Mode=SysTick
VP_SYS_VS_Systick.Signal=SYS_VS_Systick
board=bpzu_00_01
